// !$*UTF8*$!
{
	archiveVersion = 1;
	classes = {
	};
	objectVersion = 56;
	objects = {

/* Begin PBXBuildFile section */
		1D4937D22CA25B3200DE336F /* SuccessView.swift in Sources */ = {isa = PBXBuildFile; fileRef = 1D4937D12CA25B3200DE336F /* SuccessView.swift */; };
		1D4937D42CA2825100DE336F /* TimerView.swift in Sources */ = {isa = PBXBuildFile; fileRef = 1D4937D32CA2825100DE336F /* TimerView.swift */; };
		1D4937D72CAA4C2600DE336F /* RaisedButton.swift in Sources */ = {isa = PBXBuildFile; fileRef = 1D4937D62CAA4C2600DE336F /* RaisedButton.swift */; };
		1D4937D92CABB9C400DE336F /* EmbossedButton.swift in Sources */ = {isa = PBXBuildFile; fileRef = 1D4937D82CABB9C400DE336F /* EmbossedButton.swift */; };
		1D4937DB2CABC21C00DE336F /* ContainerView.swift in Sources */ = {isa = PBXBuildFile; fileRef = 1D4937DA2CABC21C00DE336F /* ContainerView.swift */; };
		1D4937DD2CABC59000DE336F /* WelcomeImages.swift in Sources */ = {isa = PBXBuildFile; fileRef = 1D4937DC2CABC59000DE336F /* WelcomeImages.swift */; };
		1D4937DF2CABC6CC00DE336F /* GradientBackground.swift in Sources */ = {isa = PBXBuildFile; fileRef = 1D4937DE2CABC6CC00DE336F /* GradientBackground.swift */; };
		1D6218292CA0F93600A87690 /* HIITFIITApp.swift in Sources */ = {isa = PBXBuildFile; fileRef = 1D6218282CA0F93600A87690 /* HIITFIITApp.swift */; };
		1D62182B2CA0F93600A87690 /* ContentView.swift in Sources */ = {isa = PBXBuildFile; fileRef = 1D62182A2CA0F93600A87690 /* ContentView.swift */; };
		1D62182D2CA0F93800A87690 /* Assets.xcassets in Resources */ = {isa = PBXBuildFile; fileRef = 1D62182C2CA0F93800A87690 /* Assets.xcassets */; };
		1D6218302CA0F93800A87690 /* Preview Assets.xcassets in Resources */ = {isa = PBXBuildFile; fileRef = 1D62182F2CA0F93800A87690 /* Preview Assets.xcassets */; };
		1D6218372CA0F94D00A87690 /* WelcomeView.swift in Sources */ = {isa = PBXBuildFile; fileRef = 1D6218362CA0F94D00A87690 /* WelcomeView.swift */; };
		1D6218392CA0F95800A87690 /* ExerciseView.swift in Sources */ = {isa = PBXBuildFile; fileRef = 1D6218382CA0F95800A87690 /* ExerciseView.swift */; };
		1D62183C2CA0FD0A00A87690 /* sun-salute.mp4 in Resources */ = {isa = PBXBuildFile; fileRef = 1D62183B2CA0FD0900A87690 /* sun-salute.mp4 */; };
		1D62183E2CA0FD1200A87690 /* step-up.mp4 in Resources */ = {isa = PBXBuildFile; fileRef = 1D62183D2CA0FD1200A87690 /* step-up.mp4 */; };
		1D6218402CA0FD1800A87690 /* squat.mp4 in Resources */ = {isa = PBXBuildFile; fileRef = 1D62183F2CA0FD1800A87690 /* squat.mp4 */; };
		1D6218422CA0FD2300A87690 /* burpee.mp4 in Resources */ = {isa = PBXBuildFile; fileRef = 1D6218412CA0FD2300A87690 /* burpee.mp4 */; };
		1D6218442CA1280700A87690 /* HeaderView.swift in Sources */ = {isa = PBXBuildFile; fileRef = 1D6218432CA1280700A87690 /* HeaderView.swift */; };
		1D6218462CA1299A00A87690 /* Exercise.swift in Sources */ = {isa = PBXBuildFile; fileRef = 1D6218452CA1299A00A87690 /* Exercise.swift */; };
		1D6218482CA1328600A87690 /* RatingView.swift in Sources */ = {isa = PBXBuildFile; fileRef = 1D6218472CA1328600A87690 /* RatingView.swift */; };
		1D62184A2CA1348200A87690 /* VideoPlayerView.swift in Sources */ = {isa = PBXBuildFile; fileRef = 1D6218492CA1348200A87690 /* VideoPlayerView.swift */; };
		1D62184C2CA1392800A87690 /* HistoryView.swift in Sources */ = {isa = PBXBuildFile; fileRef = 1D62184B2CA1392800A87690 /* HistoryView.swift */; };
		1D62184E2CA197B600A87690 /* DataExtension.swift in Sources */ = {isa = PBXBuildFile; fileRef = 1D62184D2CA197B600A87690 /* DataExtension.swift */; };
		1D6218502CA1998C00A87690 /* ImageExtension.swift in Sources */ = {isa = PBXBuildFile; fileRef = 1D62184F2CA1998C00A87690 /* ImageExtension.swift */; };
		1D62185A2CA1AA2600A87690 /* HistoryStoreDevData.swift .swift in Sources */ = {isa = PBXBuildFile; fileRef = 1D6218592CA1AA2600A87690 /* HistoryStoreDevData.swift .swift */; };
		1D62185C2CA1AADE00A87690 /* HistoryStore.swift in Sources */ = {isa = PBXBuildFile; fileRef = 1D62185B2CA1AADE00A87690 /* HistoryStore.swift */; };
		1DF5CD192CAD05C300CE1BD6 /* AddHistoryView.swift in Sources */ = {isa = PBXBuildFile; fileRef = 1DF5CD182CAD05C300CE1BD6 /* AddHistoryView.swift */; };
		1DF5CD1B2CAD098E00CE1BD6 /* BarChartDayView.swift in Sources */ = {isa = PBXBuildFile; fileRef = 1DF5CD1A2CAD098E00CE1BD6 /* BarChartDayView.swift */; };
		1DF5CD1D2CAD0BE800CE1BD6 /* BarChartWeekView.swift in Sources */ = {isa = PBXBuildFile; fileRef = 1DF5CD1C2CAD0BE800CE1BD6 /* BarChartWeekView.swift */; };
/* End PBXBuildFile section */

/* Begin PBXFileReference section */
		1D4937D12CA25B3200DE336F /* SuccessView.swift */ = {isa = PBXFileReference; lastKnownFileType = sourcecode.swift; path = SuccessView.swift; sourceTree = "<group>"; };
		1D4937D32CA2825100DE336F /* TimerView.swift */ = {isa = PBXFileReference; lastKnownFileType = sourcecode.swift; path = TimerView.swift; sourceTree = "<group>"; };
		1D4937D52CA8853F00DE336F /* HIITFIITRelease.entitlements */ = {isa = PBXFileReference; lastKnownFileType = text.plist.entitlements; path = HIITFIITRelease.entitlements; sourceTree = "<group>"; };
		1D4937D62CAA4C2600DE336F /* RaisedButton.swift */ = {isa = PBXFileReference; lastKnownFileType = sourcecode.swift; path = RaisedButton.swift; sourceTree = "<group>"; };
		1D4937D82CABB9C400DE336F /* EmbossedButton.swift */ = {isa = PBXFileReference; lastKnownFileType = sourcecode.swift; path = EmbossedButton.swift; sourceTree = "<group>"; };
		1D4937DA2CABC21C00DE336F /* ContainerView.swift */ = {isa = PBXFileReference; lastKnownFileType = sourcecode.swift; path = ContainerView.swift; sourceTree = "<group>"; };
		1D4937DC2CABC59000DE336F /* WelcomeImages.swift */ = {isa = PBXFileReference; fileEncoding = 4; lastKnownFileType = sourcecode.swift; path = WelcomeImages.swift; sourceTree = "<group>"; };
		1D4937DE2CABC6CC00DE336F /* GradientBackground.swift */ = {isa = PBXFileReference; fileEncoding = 4; lastKnownFileType = sourcecode.swift; path = GradientBackground.swift; sourceTree = "<group>"; };
		1D6218252CA0F93600A87690 /* HIITFIIT.app */ = {isa = PBXFileReference; explicitFileType = wrapper.application; includeInIndex = 0; path = HIITFIIT.app; sourceTree = BUILT_PRODUCTS_DIR; };
		1D6218282CA0F93600A87690 /* HIITFIITApp.swift */ = {isa = PBXFileReference; lastKnownFileType = sourcecode.swift; path = HIITFIITApp.swift; sourceTree = "<group>"; };
		1D62182A2CA0F93600A87690 /* ContentView.swift */ = {isa = PBXFileReference; lastKnownFileType = sourcecode.swift; path = ContentView.swift; sourceTree = "<group>"; };
		1D62182C2CA0F93800A87690 /* Assets.xcassets */ = {isa = PBXFileReference; lastKnownFileType = folder.assetcatalog; path = Assets.xcassets; sourceTree = "<group>"; };
		1D62182F2CA0F93800A87690 /* Preview Assets.xcassets */ = {isa = PBXFileReference; lastKnownFileType = folder.assetcatalog; path = "Preview Assets.xcassets"; sourceTree = "<group>"; };
		1D6218362CA0F94D00A87690 /* WelcomeView.swift */ = {isa = PBXFileReference; lastKnownFileType = sourcecode.swift; path = WelcomeView.swift; sourceTree = "<group>"; };
		1D6218382CA0F95800A87690 /* ExerciseView.swift */ = {isa = PBXFileReference; lastKnownFileType = sourcecode.swift; path = ExerciseView.swift; sourceTree = "<group>"; };
		1D62183B2CA0FD0900A87690 /* sun-salute.mp4 */ = {isa = PBXFileReference; lastKnownFileType = file; path = "sun-salute.mp4"; sourceTree = "<group>"; };
		1D62183D2CA0FD1200A87690 /* step-up.mp4 */ = {isa = PBXFileReference; lastKnownFileType = file; path = "step-up.mp4"; sourceTree = "<group>"; };
		1D62183F2CA0FD1800A87690 /* squat.mp4 */ = {isa = PBXFileReference; lastKnownFileType = file; path = squat.mp4; sourceTree = "<group>"; };
		1D6218412CA0FD2300A87690 /* burpee.mp4 */ = {isa = PBXFileReference; lastKnownFileType = file; path = burpee.mp4; sourceTree = "<group>"; };
		1D6218432CA1280700A87690 /* HeaderView.swift */ = {isa = PBXFileReference; lastKnownFileType = sourcecode.swift; path = HeaderView.swift; sourceTree = "<group>"; };
		1D6218452CA1299A00A87690 /* Exercise.swift */ = {isa = PBXFileReference; lastKnownFileType = sourcecode.swift; path = Exercise.swift; sourceTree = "<group>"; };
		1D6218472CA1328600A87690 /* RatingView.swift */ = {isa = PBXFileReference; lastKnownFileType = sourcecode.swift; path = RatingView.swift; sourceTree = "<group>"; };
		1D6218492CA1348200A87690 /* VideoPlayerView.swift */ = {isa = PBXFileReference; lastKnownFileType = sourcecode.swift; path = VideoPlayerView.swift; sourceTree = "<group>"; };
		1D62184B2CA1392800A87690 /* HistoryView.swift */ = {isa = PBXFileReference; lastKnownFileType = sourcecode.swift; path = HistoryView.swift; sourceTree = "<group>"; };
		1D62184D2CA197B600A87690 /* DataExtension.swift */ = {isa = PBXFileReference; lastKnownFileType = sourcecode.swift; name = DataExtension.swift; path = Views/DataExtension.swift; sourceTree = "<group>"; };
		1D62184F2CA1998C00A87690 /* ImageExtension.swift */ = {isa = PBXFileReference; lastKnownFileType = sourcecode.swift; path = ImageExtension.swift; sourceTree = "<group>"; };
		1D6218592CA1AA2600A87690 /* HistoryStoreDevData.swift .swift */ = {isa = PBXFileReference; lastKnownFileType = sourcecode.swift; path = "HistoryStoreDevData.swift .swift"; sourceTree = "<group>"; };
		1D62185B2CA1AADE00A87690 /* HistoryStore.swift */ = {isa = PBXFileReference; lastKnownFileType = sourcecode.swift; path = HistoryStore.swift; sourceTree = "<group>"; };
		1DF5CD182CAD05C300CE1BD6 /* AddHistoryView.swift */ = {isa = PBXFileReference; lastKnownFileType = sourcecode.swift; path = AddHistoryView.swift; sourceTree = "<group>"; };
		1DF5CD1A2CAD098E00CE1BD6 /* BarChartDayView.swift */ = {isa = PBXFileReference; lastKnownFileType = sourcecode.swift; path = BarChartDayView.swift; sourceTree = "<group>"; };
		1DF5CD1C2CAD0BE800CE1BD6 /* BarChartWeekView.swift */ = {isa = PBXFileReference; lastKnownFileType = sourcecode.swift; path = BarChartWeekView.swift; sourceTree = "<group>"; };
/* End PBXFileReference section */

/* Begin PBXFrameworksBuildPhase section */
		1D6218222CA0F93600A87690 /* Frameworks */ = {
			isa = PBXFrameworksBuildPhase;
			buildActionMask = 2147483647;
			files = (
			);
			runOnlyForDeploymentPostprocessing = 0;
		};
/* End PBXFrameworksBuildPhase section */

/* Begin PBXGroup section */
		1D62181C2CA0F93600A87690 = {
			isa = PBXGroup;
			children = (
				1D6218272CA0F93600A87690 /* HIITFIIT */,
				1D6218262CA0F93600A87690 /* Products */,
			);
			sourceTree = "<group>";
		};
		1D6218262CA0F93600A87690 /* Products */ = {
			isa = PBXGroup;
			children = (
				1D6218252CA0F93600A87690 /* HIITFIIT.app */,
			);
			name = Products;
			sourceTree = "<group>";
		};
		1D6218272CA0F93600A87690 /* HIITFIIT */ = {
			isa = PBXGroup;
			children = (
				1DF5CD172CAD059D00CE1BD6 /* HistoryViews */,
				1D4937D52CA8853F00DE336F /* HIITFIITRelease.entitlements */,
				1D6218552CA1A4D600A87690 /* Model */,
				1D62184D2CA197B600A87690 /* DataExtension.swift */,
				1D62184F2CA1998C00A87690 /* ImageExtension.swift */,
				1D6218282CA0F93600A87690 /* HIITFIITApp.swift */,
				1D6218412CA0FD2300A87690 /* burpee.mp4 */,
				1D62183B2CA0FD0900A87690 /* sun-salute.mp4 */,
				1D62183F2CA0FD1800A87690 /* squat.mp4 */,
				1D62183D2CA0FD1200A87690 /* step-up.mp4 */,
				1D62183A2CA0F96000A87690 /* Views */,
				1D62182C2CA0F93800A87690 /* Assets.xcassets */,
				1D62182E2CA0F93800A87690 /* Preview Content */,
			);
			path = HIITFIIT;
			sourceTree = "<group>";
		};
		1D62182E2CA0F93800A87690 /* Preview Content */ = {
			isa = PBXGroup;
			children = (
				1D62182F2CA0F93800A87690 /* Preview Assets.xcassets */,
				1D6218592CA1AA2600A87690 /* HistoryStoreDevData.swift .swift */,
			);
			path = "Preview Content";
			sourceTree = "<group>";
		};
		1D62183A2CA0F96000A87690 /* Views */ = {
			isa = PBXGroup;
			children = (
				1D62182A2CA0F93600A87690 /* ContentView.swift */,
				1D6218362CA0F94D00A87690 /* WelcomeView.swift */,
				1D4937D12CA25B3200DE336F /* SuccessView.swift */,
				1D6218382CA0F95800A87690 /* ExerciseView.swift */,
				1D4937DE2CABC6CC00DE336F /* GradientBackground.swift */,
				1D4937DC2CABC59000DE336F /* WelcomeImages.swift */,
				1D4937D32CA2825100DE336F /* TimerView.swift */,
				1D6218492CA1348200A87690 /* VideoPlayerView.swift */,
				1D6218472CA1328600A87690 /* RatingView.swift */,
				1D4937DA2CABC21C00DE336F /* ContainerView.swift */,
				1D6218432CA1280700A87690 /* HeaderView.swift */,
				1D4937D82CABB9C400DE336F /* EmbossedButton.swift */,
				1D4937D62CAA4C2600DE336F /* RaisedButton.swift */,
			);
			path = Views;
			sourceTree = "<group>";
		};
		1D6218552CA1A4D600A87690 /* Model */ = {
			isa = PBXGroup;
			children = (
				1D6218452CA1299A00A87690 /* Exercise.swift */,
				1D62185B2CA1AADE00A87690 /* HistoryStore.swift */,
			);
			path = Model;
			sourceTree = "<group>";
		};
		1DF5CD172CAD059D00CE1BD6 /* HistoryViews */ = {
			isa = PBXGroup;
			children = (
				1D62184B2CA1392800A87690 /* HistoryView.swift */,
				1DF5CD1C2CAD0BE800CE1BD6 /* BarChartWeekView.swift */,
				1DF5CD182CAD05C300CE1BD6 /* AddHistoryView.swift */,
				1DF5CD1A2CAD098E00CE1BD6 /* BarChartDayView.swift */,
			);
			path = HistoryViews;
			sourceTree = "<group>";
		};
/* End PBXGroup section */

/* Begin PBXNativeTarget section */
		1D6218242CA0F93600A87690 /* HIITFIIT */ = {
			isa = PBXNativeTarget;
			buildConfigurationList = 1D6218332CA0F93800A87690 /* Build configuration list for PBXNativeTarget "HIITFIIT" */;
			buildPhases = (
				1D6218212CA0F93600A87690 /* Sources */,
				1D6218222CA0F93600A87690 /* Frameworks */,
				1D6218232CA0F93600A87690 /* Resources */,
			);
			buildRules = (
			);
			dependencies = (
			);
			name = HIITFIIT;
			productName = HIITFIIT;
			productReference = 1D6218252CA0F93600A87690 /* HIITFIIT.app */;
			productType = "com.apple.product-type.application";
		};
/* End PBXNativeTarget section */

/* Begin PBXProject section */
		1D62181D2CA0F93600A87690 /* Project object */ = {
			isa = PBXProject;
			attributes = {
				BuildIndependentTargetsInParallel = 1;
				LastSwiftUpdateCheck = 1430;
				LastUpgradeCheck = 1430;
				TargetAttributes = {
					1D6218242CA0F93600A87690 = {
						CreatedOnToolsVersion = 14.3.1;
					};
				};
			};
			buildConfigurationList = 1D6218202CA0F93600A87690 /* Build configuration list for PBXProject "HIITFIIT" */;
			compatibilityVersion = "Xcode 14.0";
			developmentRegion = en;
			hasScannedForEncodings = 0;
			knownRegions = (
				en,
				Base,
			);
			mainGroup = 1D62181C2CA0F93600A87690;
			productRefGroup = 1D6218262CA0F93600A87690 /* Products */;
			projectDirPath = "";
			projectRoot = "";
			targets = (
				1D6218242CA0F93600A87690 /* HIITFIIT */,
			);
		};
/* End PBXProject section */

/* Begin PBXResourcesBuildPhase section */
		1D6218232CA0F93600A87690 /* Resources */ = {
			isa = PBXResourcesBuildPhase;
			buildActionMask = 2147483647;
			files = (
				1D6218402CA0FD1800A87690 /* squat.mp4 in Resources */,
				1D62183E2CA0FD1200A87690 /* step-up.mp4 in Resources */,
				1D6218422CA0FD2300A87690 /* burpee.mp4 in Resources */,
				1D6218302CA0F93800A87690 /* Preview Assets.xcassets in Resources */,
				1D62183C2CA0FD0A00A87690 /* sun-salute.mp4 in Resources */,
				1D62182D2CA0F93800A87690 /* Assets.xcassets in Resources */,
			);
			runOnlyForDeploymentPostprocessing = 0;
		};
/* End PBXResourcesBuildPhase section */

/* Begin PBXSourcesBuildPhase section */
		1D6218212CA0F93600A87690 /* Sources */ = {
			isa = PBXSourcesBuildPhase;
			buildActionMask = 2147483647;
			files = (
				1DF5CD192CAD05C300CE1BD6 /* AddHistoryView.swift in Sources */,
				1D4937D42CA2825100DE336F /* TimerView.swift in Sources */,
				1D4937D72CAA4C2600DE336F /* RaisedButton.swift in Sources */,
				1D4937DB2CABC21C00DE336F /* ContainerView.swift in Sources */,
				1D62185A2CA1AA2600A87690 /* HistoryStoreDevData.swift .swift in Sources */,
				1D6218442CA1280700A87690 /* HeaderView.swift in Sources */,
				1D4937DF2CABC6CC00DE336F /* GradientBackground.swift in Sources */,
				1D6218392CA0F95800A87690 /* ExerciseView.swift in Sources */,
				1D62182B2CA0F93600A87690 /* ContentView.swift in Sources */,
				1D6218372CA0F94D00A87690 /* WelcomeView.swift in Sources */,
				1D4937DD2CABC59000DE336F /* WelcomeImages.swift in Sources */,
				1D6218292CA0F93600A87690 /* HIITFIITApp.swift in Sources */,
				1D4937D22CA25B3200DE336F /* SuccessView.swift in Sources */,
				1D6218462CA1299A00A87690 /* Exercise.swift in Sources */,
				1D62185C2CA1AADE00A87690 /* HistoryStore.swift in Sources */,
				1D6218482CA1328600A87690 /* RatingView.swift in Sources */,
				1DF5CD1B2CAD098E00CE1BD6 /* BarChartDayView.swift in Sources */,
				1D62184C2CA1392800A87690 /* HistoryView.swift in Sources */,
				1D62184A2CA1348200A87690 /* VideoPlayerView.swift in Sources */,
				1D6218502CA1998C00A87690 /* ImageExtension.swift in Sources */,
				1DF5CD1D2CAD0BE800CE1BD6 /* BarChartWeekView.swift in Sources */,
				1D4937D92CABB9C400DE336F /* EmbossedButton.swift in Sources */,
				1D62184E2CA197B600A87690 /* DataExtension.swift in Sources */,
			);
			runOnlyForDeploymentPostprocessing = 0;
		};
/* End PBXSourcesBuildPhase section */

/* Begin XCBuildConfiguration section */
		1D6218312CA0F93800A87690 /* Debug */ = {
			isa = XCBuildConfiguration;
			buildSettings = {
				ALWAYS_SEARCH_USER_PATHS = NO;
				CLANG_ANALYZER_NONNULL = YES;
				CLANG_ANALYZER_NUMBER_OBJECT_CONVERSION = YES_AGGRESSIVE;
				CLANG_CXX_LANGUAGE_STANDARD = "gnu++20";
				CLANG_ENABLE_MODULES = YES;
				CLANG_ENABLE_OBJC_ARC = YES;
				CLANG_ENABLE_OBJC_WEAK = YES;
				CLANG_WARN_BLOCK_CAPTURE_AUTORELEASING = YES;
				CLANG_WARN_BOOL_CONVERSION = YES;
				CLANG_WARN_COMMA = YES;
				CLANG_WARN_CONSTANT_CONVERSION = YES;
				CLANG_WARN_DEPRECATED_OBJC_IMPLEMENTATIONS = YES;
				CLANG_WARN_DIRECT_OBJC_ISA_USAGE = YES_ERROR;
				CLANG_WARN_DOCUMENTATION_COMMENTS = YES;
				CLANG_WARN_EMPTY_BODY = YES;
				CLANG_WARN_ENUM_CONVERSION = YES;
				CLANG_WARN_INFINITE_RECURSION = YES;
				CLANG_WARN_INT_CONVERSION = YES;
				CLANG_WARN_NON_LITERAL_NULL_CONVERSION = YES;
				CLANG_WARN_OBJC_IMPLICIT_RETAIN_SELF = YES;
				CLANG_WARN_OBJC_LITERAL_CONVERSION = YES;
				CLANG_WARN_OBJC_ROOT_CLASS = YES_ERROR;
				CLANG_WARN_QUOTED_INCLUDE_IN_FRAMEWORK_HEADER = YES;
				CLANG_WARN_RANGE_LOOP_ANALYSIS = YES;
				CLANG_WARN_STRICT_PROTOTYPES = YES;
				CLANG_WARN_SUSPICIOUS_MOVE = YES;
				CLANG_WARN_UNGUARDED_AVAILABILITY = YES_AGGRESSIVE;
				CLANG_WARN_UNREACHABLE_CODE = YES;
				CLANG_WARN__DUPLICATE_METHOD_MATCH = YES;
				COPY_PHASE_STRIP = NO;
				DEBUG_INFORMATION_FORMAT = dwarf;
				ENABLE_STRICT_OBJC_MSGSEND = YES;
				ENABLE_TESTABILITY = YES;
				GCC_C_LANGUAGE_STANDARD = gnu11;
				GCC_DYNAMIC_NO_PIC = NO;
				GCC_NO_COMMON_BLOCKS = YES;
				GCC_OPTIMIZATION_LEVEL = 0;
				GCC_PREPROCESSOR_DEFINITIONS = (
					"DEBUG=1",
					"$(inherited)",
				);
				GCC_WARN_64_TO_32_BIT_CONVERSION = YES;
				GCC_WARN_ABOUT_RETURN_TYPE = YES_ERROR;
				GCC_WARN_UNDECLARED_SELECTOR = YES;
				GCC_WARN_UNINITIALIZED_AUTOS = YES_AGGRESSIVE;
				GCC_WARN_UNUSED_FUNCTION = YES;
				GCC_WARN_UNUSED_VARIABLE = YES;
				IPHONEOS_DEPLOYMENT_TARGET = 16.4;
				MTL_ENABLE_DEBUG_INFO = INCLUDE_SOURCE;
				MTL_FAST_MATH = YES;
				ONLY_ACTIVE_ARCH = YES;
				SDKROOT = iphoneos;
				SWIFT_ACTIVE_COMPILATION_CONDITIONS = DEBUG;
				SWIFT_OPTIMIZATION_LEVEL = "-Onone";
			};
			name = Debug;
		};
		1D6218322CA0F93800A87690 /* Release */ = {
			isa = XCBuildConfiguration;
			buildSettings = {
				ALWAYS_SEARCH_USER_PATHS = NO;
				CLANG_ANALYZER_NONNULL = YES;
				CLANG_ANALYZER_NUMBER_OBJECT_CONVERSION = YES_AGGRESSIVE;
				CLANG_CXX_LANGUAGE_STANDARD = "gnu++20";
				CLANG_ENABLE_MODULES = YES;
				CLANG_ENABLE_OBJC_ARC = YES;
				CLANG_ENABLE_OBJC_WEAK = YES;
				CLANG_WARN_BLOCK_CAPTURE_AUTORELEASING = YES;
				CLANG_WARN_BOOL_CONVERSION = YES;
				CLANG_WARN_COMMA = YES;
				CLANG_WARN_CONSTANT_CONVERSION = YES;
				CLANG_WARN_DEPRECATED_OBJC_IMPLEMENTATIONS = YES;
				CLANG_WARN_DIRECT_OBJC_ISA_USAGE = YES_ERROR;
				CLANG_WARN_DOCUMENTATION_COMMENTS = YES;
				CLANG_WARN_EMPTY_BODY = YES;
				CLANG_WARN_ENUM_CONVERSION = YES;
				CLANG_WARN_INFINITE_RECURSION = YES;
				CLANG_WARN_INT_CONVERSION = YES;
				CLANG_WARN_NON_LITERAL_NULL_CONVERSION = YES;
				CLANG_WARN_OBJC_IMPLICIT_RETAIN_SELF = YES;
				CLANG_WARN_OBJC_LITERAL_CONVERSION = YES;
				CLANG_WARN_OBJC_ROOT_CLASS = YES_ERROR;
				CLANG_WARN_QUOTED_INCLUDE_IN_FRAMEWORK_HEADER = YES;
				CLANG_WARN_RANGE_LOOP_ANALYSIS = YES;
				CLANG_WARN_STRICT_PROTOTYPES = YES;
				CLANG_WARN_SUSPICIOUS_MOVE = YES;
				CLANG_WARN_UNGUARDED_AVAILABILITY = YES_AGGRESSIVE;
				CLANG_WARN_UNREACHABLE_CODE = YES;
				CLANG_WARN__DUPLICATE_METHOD_MATCH = YES;
				COPY_PHASE_STRIP = NO;
				DEBUG_INFORMATION_FORMAT = "dwarf-with-dsym";
				ENABLE_NS_ASSERTIONS = NO;
				ENABLE_STRICT_OBJC_MSGSEND = YES;
				GCC_C_LANGUAGE_STANDARD = gnu11;
				GCC_NO_COMMON_BLOCKS = YES;
				GCC_WARN_64_TO_32_BIT_CONVERSION = YES;
				GCC_WARN_ABOUT_RETURN_TYPE = YES_ERROR;
				GCC_WARN_UNDECLARED_SELECTOR = YES;
				GCC_WARN_UNINITIALIZED_AUTOS = YES_AGGRESSIVE;
				GCC_WARN_UNUSED_FUNCTION = YES;
				GCC_WARN_UNUSED_VARIABLE = YES;
				IPHONEOS_DEPLOYMENT_TARGET = 16.4;
				MTL_ENABLE_DEBUG_INFO = NO;
				MTL_FAST_MATH = YES;
				SDKROOT = iphoneos;
				SWIFT_COMPILATION_MODE = wholemodule;
				SWIFT_OPTIMIZATION_LEVEL = "-O";
				VALIDATE_PRODUCT = YES;
			};
			name = Release;
		};
		1D6218342CA0F93800A87690 /* Debug */ = {
			isa = XCBuildConfiguration;
			buildSettings = {
				ASSETCATALOG_COMPILER_APPICON_NAME = AppIcon;
				ASSETCATALOG_COMPILER_GLOBAL_ACCENT_COLOR_NAME = AccentColor;
				CODE_SIGN_STYLE = Automatic;
				CURRENT_PROJECT_VERSION = 1;
				DEVELOPMENT_ASSET_PATHS = "\"HIITFIIT/Preview Content\"";
				DEVELOPMENT_TEAM = 636GNMMNFB;
				ENABLE_PREVIEWS = YES;
				GENERATE_INFOPLIST_FILE = YES;
				INFOPLIST_KEY_UIApplicationSceneManifest_Generation = YES;
				INFOPLIST_KEY_UIApplicationSupportsIndirectInputEvents = YES;
				INFOPLIST_KEY_UILaunchScreen_Generation = YES;
				INFOPLIST_KEY_UISupportedInterfaceOrientations_iPad = "UIInterfaceOrientationPortrait UIInterfaceOrientationPortraitUpsideDown UIInterfaceOrientationLandscapeLeft UIInterfaceOrientationLandscapeRight";
				INFOPLIST_KEY_UISupportedInterfaceOrientations_iPhone = "UIInterfaceOrientationPortrait UIInterfaceOrientationLandscapeLeft UIInterfaceOrientationLandscapeRight";
				LD_RUNPATH_SEARCH_PATHS = (
					"$(inherited)",
					"@executable_path/Frameworks",
				);
				MARKETING_VERSION = 1.0;
				PRODUCT_BUNDLE_IDENTIFIER = org.tesne.HIITFIIT;
				PRODUCT_NAME = "$(TARGET_NAME)";
				SWIFT_EMIT_LOC_STRINGS = YES;
				SWIFT_VERSION = 5.0;
				TARGETED_DEVICE_FAMILY = "1,2";
			};
			name = Debug;
		};
		1D6218352CA0F93800A87690 /* Release */ = {
			isa = XCBuildConfiguration;
			buildSettings = {
				ASSETCATALOG_COMPILER_APPICON_NAME = AppIcon;
				ASSETCATALOG_COMPILER_GLOBAL_ACCENT_COLOR_NAME = AccentColor;
				CODE_SIGN_ENTITLEMENTS = HIITFIIT/HIITFIITRelease.entitlements;
				CODE_SIGN_STYLE = Automatic;
				CURRENT_PROJECT_VERSION = 1;
				DEVELOPMENT_ASSET_PATHS = "\"HIITFIIT/Preview Content\"";
				DEVELOPMENT_TEAM = 636GNMMNFB;
				ENABLE_PREVIEWS = YES;
				GENERATE_INFOPLIST_FILE = YES;
				INFOPLIST_KEY_UIApplicationSceneManifest_Generation = YES;
				INFOPLIST_KEY_UIApplicationSupportsIndirectInputEvents = YES;
				INFOPLIST_KEY_UILaunchScreen_Generation = YES;
				INFOPLIST_KEY_UISupportedInterfaceOrientations_iPad = "UIInterfaceOrientationPortrait UIInterfaceOrientationPortraitUpsideDown UIInterfaceOrientationLandscapeLeft UIInterfaceOrientationLandscapeRight";
				INFOPLIST_KEY_UISupportedInterfaceOrientations_iPhone = "UIInterfaceOrientationPortrait UIInterfaceOrientationLandscapeLeft UIInterfaceOrientationLandscapeRight";
				LD_RUNPATH_SEARCH_PATHS = (
					"$(inherited)",
					"@executable_path/Frameworks",
				);
				MARKETING_VERSION = 1.0;
				PRODUCT_BUNDLE_IDENTIFIER = org.tesne.HIITFIIT;
				PRODUCT_NAME = "$(TARGET_NAME)";
				SWIFT_EMIT_LOC_STRINGS = YES;
				SWIFT_VERSION = 5.0;
				TARGETED_DEVICE_FAMILY = "1,2";
			};
			name = Release;
		};
/* End XCBuildConfiguration section */

/* Begin XCConfigurationList section */
		1D6218202CA0F93600A87690 /* Build configuration list for PBXProject "HIITFIIT" */ = {
			isa = XCConfigurationList;
			buildConfigurations = (
				1D6218312CA0F93800A87690 /* Debug */,
				1D6218322CA0F93800A87690 /* Release */,
			);
			defaultConfigurationIsVisible = 0;
			defaultConfigurationName = Release;
		};
		1D6218332CA0F93800A87690 /* Build configuration list for PBXNativeTarget "HIITFIIT" */ = {
			isa = XCConfigurationList;
			buildConfigurations = (
				1D6218342CA0F93800A87690 /* Debug */,
				1D6218352CA0F93800A87690 /* Release */,
			);
			defaultConfigurationIsVisible = 0;
			defaultConfigurationName = Release;
		};
/* End XCConfigurationList section */
	};
	rootObject = 1D62181D2CA0F93600A87690 /* Project object */;
}
